
Microsoft Visual Studio Solution File, Format Version 12.00
# Visual Studio Version 17
VisualStudioVersion = 17.3.32901.215
MinimumVisualStudioVersion = 10.0.40219.1
Project("{FAE04EC0-301F-11D3-BF4B-00C04F79EFBC}") = "APIAppLayer", "APIAppLayer.csproj", "{1608FA32-C353-46AE-A82C-1D766F8A22EB}"
EndProject
Project("{FAE04EC0-301F-11D3-BF4B-00C04F79EFBC}") = "BLL", "..\BLL\BLL.csproj", "{38885D81-7E01-470E-B085-A0CD1013BBF7}"
EndProject
Project("{FAE04EC0-301F-11D3-BF4B-00C04F79EFBC}") = "DAL", "..\DAL\DAL.csproj", "{1027A827-6289-4DB4-86DC-B423BE40F1C0}"
EndProject
Global
	GlobalSection(SolutionConfigurationPlatforms) = preSolution
		Debug|Any CPU = Debug|Any CPU
		Release|Any CPU = Release|Any CPU
	EndGlobalSection
	GlobalSection(ProjectConfigurationPlatforms) = postSolution
		{1608FA32-C353-46AE-A82C-1D766F8A22EB}.Debug|Any CPU.ActiveCfg = Debug|Any CPU
		{1608FA32-C353-46AE-A82C-1D766F8A22EB}.Debug|Any CPU.Build.0 = Debug|Any CPU
		{1608FA32-C353-46AE-A82C-1D766F8A22EB}.Release|Any CPU.ActiveCfg = Release|Any CPU
		{1608FA32-C353-46AE-A82C-1D766F8A22EB}.Release|Any CPU.Build.0 = Release|Any CPU
		{38885D81-7E01-470E-B085-A0CD1013BBF7}.Debug|Any CPU.ActiveCfg = Debug|Any CPU
		{38885D81-7E01-470E-B085-A0CD1013BBF7}.Debug|Any CPU.Build.0 = Debug|Any CPU
		{38885D81-7E01-470E-B085-A0CD1013BBF7}.Release|Any CPU.ActiveCfg = Release|Any CPU
		{38885D81-7E01-470E-B085-A0CD1013BBF7}.Release|Any CPU.Build.0 = Release|Any CPU
		{1027A827-6289-4DB4-86DC-B423BE40F1C0}.Debug|Any CPU.ActiveCfg = Debug|Any CPU
		{1027A827-6289-4DB4-86DC-B423BE40F1C0}.Debug|Any CPU.Build.0 = Debug|Any CPU
		{1027A827-6289-4DB4-86DC-B423BE40F1C0}.Release|Any CPU.ActiveCfg = Release|Any CPU
		{1027A827-6289-4DB4-86DC-B423BE40F1C0}.Release|Any CPU.Build.0 = Release|Any CPU
	EndGlobalSection
	GlobalSection(SolutionProperties) = preSolution
		HideSolutionNode = FALSE
	EndGlobalSection
	GlobalSection(ExtensibilityGlobals) = postSolution
		SolutionGuid = {D6DAE586-B478-42B6-A991-3001A4B184C7}
	EndGlobalSection
EndGlobal
